Microsoft Visual Studio Solution File, Format Version 12.00
# Visual Studio Version 17
VisualStudioVersion = 17.0.31903.59
MinimumVisualStudioVersion = 10.0.40219.1
Project("{FAE04EC0-301F-11D3-BF4B-00C04F79EFBC}") = "Rinha.Core", "src\Rinha.Core\Rinha.Core.csproj", "{3903E846-4B9D-45E6-8944-C4BF8101C001}"
EndProject
Project("{FAE04EC0-301F-11D3-BF4B-00C04F79EFBC}") = "Rinha.Api", "src\Rinha.Api\Rinha.Api.csproj", "{3903E846-4B9D-45E6-8944-C4BF8101C002}"
EndProject
Project("{FAE04EC0-301F-11D3-BF4B-00C04F79EFBC}") = "Rinha.Indexer", "src\Rinha.Indexer\Rinha.Indexer.csproj", "{3903E846-4B9D-45E6-8944-C4BF8101C003}"
EndProject
Project("{FAE04EC0-301F-11D3-BF4B-00C04F79EFBC}") = "Rinha.Tests", "src\Rinha.Tests\Rinha.Tests.csproj", "{3903E846-4B9D-45E6-8944-C4BF8101C004}"
EndProject
Global
	GlobalSection(SolutionConfigurationPlatforms) = preSolution
		Debug|Any CPU = Debug|Any CPU
		Release|Any CPU = Release|Any CPU
	EndGlobalSection
	GlobalSection(ProjectConfigurationPlatforms) = postSolution
		{3903E846-4B9D-45E6-8944-C4BF8101C001}.Debug|Any CPU.ActiveCfg = Debug|Any CPU
		{3903E846-4B9D-45E6-8944-C4BF8101C001}.Debug|Any CPU.Build.0 = Debug|Any CPU
		{3903E846-4B9D-45E6-8944-C4BF8101C001}.Release|Any CPU.ActiveCfg = Release|Any CPU
		{3903E846-4B9D-45E6-8944-C4BF8101C001}.Release|Any CPU.Build.0 = Release|Any CPU
		{3903E846-4B9D-45E6-8944-C4BF8101C002}.Debug|Any CPU.ActiveCfg = Debug|Any CPU
		{3903E846-4B9D-45E6-8944-C4BF8101C002}.Debug|Any CPU.Build.0 = Debug|Any CPU
		{3903E846-4B9D-45E6-8944-C4BF8101C002}.Release|Any CPU.ActiveCfg = Release|Any CPU
		{3903E846-4B9D-45E6-8944-C4BF8101C002}.Release|Any CPU.Build.0 = Release|Any CPU
		{3903E846-4B9D-45E6-8944-C4BF8101C003}.Debug|Any CPU.ActiveCfg = Debug|Any CPU
		{3903E846-4B9D-45E6-8944-C4BF8101C003}.Debug|Any CPU.Build.0 = Debug|Any CPU
		{3903E846-4B9D-45E6-8944-C4BF8101C003}.Release|Any CPU.ActiveCfg = Release|Any CPU
		{3903E846-4B9D-45E6-8944-C4BF8101C003}.Release|Any CPU.Build.0 = Release|Any CPU
		{3903E846-4B9D-45E6-8944-C4BF8101C004}.Debug|Any CPU.ActiveCfg = Debug|Any CPU
		{3903E846-4B9D-45E6-8944-C4BF8101C004}.Debug|Any CPU.Build.0 = Debug|Any CPU
		{3903E846-4B9D-45E6-8944-C4BF8101C004}.Release|Any CPU.ActiveCfg = Release|Any CPU
		{3903E846-4B9D-45E6-8944-C4BF8101C004}.Release|Any CPU.Build.0 = Release|Any CPU
	EndGlobalSection
EndGlobal
